
Microsoft Visual Studio Solution File, Format Version 12.00
# Visual Studio Version 17
VisualStudioVersion = 17.5.33424.131
MinimumVisualStudioVersion = 10.0.40219.1
Project("{FAE04EC0-301F-11D3-BF4B-00C04F79EFBC}") = "CakeShop", "CakeShop\CakeShop.csproj", "{387AEEEA-1BD1-4F4D-991C-3F07CC81D5D7}"
EndProject
Project("{FAE04EC0-301F-11D3-BF4B-00C04F79EFBC}") = "CakeShop.BL", "CakeShop.BL\CakeShop.BL.csproj", "{1737B36B-243A-4DCB-AC3D-25DD42DEB838}"
EndProject
Project("{FAE04EC0-301F-11D3-BF4B-00C04F79EFBC}") = "CakeShop.DL", "CakeShop.DL\CakeShop.DL.csproj", "{DA9FFB58-4290-4176-BF39-20565A2003E8}"
EndProject
Project("{FAE04EC0-301F-11D3-BF4B-00C04F79EFBC}") = "CakeShop.Models", "CakeShop.Models\CakeShop.Models.csproj", "{BA88D516-0D29-4A16-A0E8-145B019FFA27}"
EndProject
Project("{FAE04EC0-301F-11D3-BF4B-00C04F79EFBC}") = "CakeShopTest", "CakeShopTest\CakeShopTest.csproj", "{BA1814ED-73A0-4FF6-967A-25101F058EC3}"
EndProject
Global
	GlobalSection(SolutionConfigurationPlatforms) = preSolution
		Debug|Any CPU = Debug|Any CPU
		Release|Any CPU = Release|Any CPU
	EndGlobalSection
	GlobalSection(ProjectConfigurationPlatforms) = postSolution
		{387AEEEA-1BD1-4F4D-991C-3F07CC81D5D7}.Debug|Any CPU.ActiveCfg = Debug|Any CPU
		{387AEEEA-1BD1-4F4D-991C-3F07CC81D5D7}.Debug|Any CPU.Build.0 = Debug|Any CPU
		{387AEEEA-1BD1-4F4D-991C-3F07CC81D5D7}.Release|Any CPU.ActiveCfg = Release|Any CPU
		{387AEEEA-1BD1-4F4D-991C-3F07CC81D5D7}.Release|Any CPU.Build.0 = Release|Any CPU
		{1737B36B-243A-4DCB-AC3D-25DD42DEB838}.Debug|Any CPU.ActiveCfg = Debug|Any CPU
		{1737B36B-243A-4DCB-AC3D-25DD42DEB838}.Debug|Any CPU.Build.0 = Debug|Any CPU
		{1737B36B-243A-4DCB-AC3D-25DD42DEB838}.Release|Any CPU.ActiveCfg = Release|Any CPU
		{1737B36B-243A-4DCB-AC3D-25DD42DEB838}.Release|Any CPU.Build.0 = Release|Any CPU
		{DA9FFB58-4290-4176-BF39-20565A2003E8}.Debug|Any CPU.ActiveCfg = Debug|Any CPU
		{DA9FFB58-4290-4176-BF39-20565A2003E8}.Debug|Any CPU.Build.0 = Debug|Any CPU
		{DA9FFB58-4290-4176-BF39-20565A2003E8}.Release|Any CPU.ActiveCfg = Release|Any CPU
		{DA9FFB58-4290-4176-BF39-20565A2003E8}.Release|Any CPU.Build.0 = Release|Any CPU
		{BA88D516-0D29-4A16-A0E8-145B019FFA27}.Debug|Any CPU.ActiveCfg = Debug|Any CPU
		{BA88D516-0D29-4A16-A0E8-145B019FFA27}.Debug|Any CPU.Build.0 = Debug|Any CPU
		{BA88D516-0D29-4A16-A0E8-145B019FFA27}.Release|Any CPU.ActiveCfg = Release|Any CPU
		{BA88D516-0D29-4A16-A0E8-145B019FFA27}.Release|Any CPU.Build.0 = Release|Any CPU
		{BA1814ED-73A0-4FF6-967A-25101F058EC3}.Debug|Any CPU.ActiveCfg = Debug|Any CPU
		{BA1814ED-73A0-4FF6-967A-25101F058EC3}.Debug|Any CPU.Build.0 = Debug|Any CPU
		{BA1814ED-73A0-4FF6-967A-25101F058EC3}.Release|Any CPU.ActiveCfg = Release|Any CPU
		{BA1814ED-73A0-4FF6-967A-25101F058EC3}.Release|Any CPU.Build.0 = Release|Any CPU
	EndGlobalSection
	GlobalSection(SolutionProperties) = preSolution
		HideSolutionNode = FALSE
	EndGlobalSection
	GlobalSection(ExtensibilityGlobals) = postSolution
		SolutionGuid = {0B33351F-2AB8-4338-B0D7-FF24CB7C873D}
	EndGlobalSection
EndGlobal
